
Microsoft Visual Studio Solution File, Format Version 12.00
# Visual Studio Version 16
VisualStudioVersion = 16.0.29806.167
MinimumVisualStudioVersion = 10.0.40219.1
Project("{9A19103F-16F7-4668-BE54-9A1E7A4F7556}") = "BankInlupp2Mvc2", "BankInlupp2Mvc2\BankInlupp2Mvc2.csproj", "{CEF16A30-30FF-4E02-BEE3-4E71768D8E8B}"
EndProject
Project("{FAE04EC0-301F-11D3-BF4B-00C04F79EFBC}") = "BankUnitTests", "BankUnitTests\BankUnitTests.csproj", "{C97F3680-36AF-4A10-80DB-816048F1A449}"
EndProject
Global
	GlobalSection(SolutionConfigurationPlatforms) = preSolution
		Debug|Any CPU = Debug|Any CPU
		Release|Any CPU = Release|Any CPU
	EndGlobalSection
	GlobalSection(ProjectConfigurationPlatforms) = postSolution
		{CEF16A30-30FF-4E02-BEE3-4E71768D8E8B}.Debug|Any CPU.ActiveCfg = Debug|Any CPU
		{CEF16A30-30FF-4E02-BEE3-4E71768D8E8B}.Debug|Any CPU.Build.0 = Debug|Any CPU
		{CEF16A30-30FF-4E02-BEE3-4E71768D8E8B}.Release|Any CPU.ActiveCfg = Release|Any CPU
		{CEF16A30-30FF-4E02-BEE3-4E71768D8E8B}.Release|Any CPU.Build.0 = Release|Any CPU
		{C97F3680-36AF-4A10-80DB-816048F1A449}.Debug|Any CPU.ActiveCfg = Debug|Any CPU
		{C97F3680-36AF-4A10-80DB-816048F1A449}.Debug|Any CPU.Build.0 = Debug|Any CPU
		{C97F3680-36AF-4A10-80DB-816048F1A449}.Release|Any CPU.ActiveCfg = Release|Any CPU
		{C97F3680-36AF-4A10-80DB-816048F1A449}.Release|Any CPU.Build.0 = Release|Any CPU
	EndGlobalSection
	GlobalSection(SolutionProperties) = preSolution
		HideSolutionNode = FALSE
	EndGlobalSection
	GlobalSection(ExtensibilityGlobals) = postSolution
		SolutionGuid = {4146AF29-0B06-4F15-A30F-CE88609D5EC4}
	EndGlobalSection
EndGlobal
